
Microsoft Visual Studio Solution File, Format Version 11.00
# Visual Studio 2010
Project("{FAE04EC0-301F-11D3-BF4B-00C04F79EFBC}") = "Assembly-CSharp", "Assembly-CSharp.csproj", "{603D1254-4D78-50CE-08AC-56C8A0211030}"
EndProject
Project("{FAE04EC0-301F-11D3-BF4B-00C04F79EFBC}") = "Assembly-CSharp-firstpass", "Assembly-CSharp-firstpass.csproj", "{7DF2C0E8-E357-1317-2C9D-CE2138354ACB}"
EndProject
Project("{FAE04EC0-301F-11D3-BF4B-00C04F79EFBC}") = "Assembly-CSharp-Editor-firstpass", "Assembly-CSharp-Editor-firstpass.csproj", "{ABF85CDB-5AB7-D55F-067E-190F41A4A7DF}"
EndProject
Project("{FAE04EC0-301F-11D3-BF4B-00C04F79EFBC}") = "Assembly-CSharp-Editor", "Assembly-CSharp-Editor.csproj", "{B866885F-2A3E-BC23-FB89-83B6AA165572}"
EndProject
Global
	GlobalSection(SolutionConfigurationPlatforms) = preSolution
		Debug|Any CPU = Debug|Any CPU
		Release|Any CPU = Release|Any CPU
	EndGlobalSection
	GlobalSection(ProjectConfigurationPlatforms) = postSolution
		{603D1254-4D78-50CE-08AC-56C8A0211030}.Debug|Any CPU.ActiveCfg = Debug|Any CPU
		{603D1254-4D78-50CE-08AC-56C8A0211030}.Debug|Any CPU.Build.0 = Debug|Any CPU
		{603D1254-4D78-50CE-08AC-56C8A0211030}.Release|Any CPU.ActiveCfg = Release|Any CPU
		{603D1254-4D78-50CE-08AC-56C8A0211030}.Release|Any CPU.Build.0 = Release|Any CPU
		{7DF2C0E8-E357-1317-2C9D-CE2138354ACB}.Debug|Any CPU.ActiveCfg = Debug|Any CPU
		{7DF2C0E8-E357-1317-2C9D-CE2138354ACB}.Debug|Any CPU.Build.0 = Debug|Any CPU
		{7DF2C0E8-E357-1317-2C9D-CE2138354ACB}.Release|Any CPU.ActiveCfg = Release|Any CPU
		{7DF2C0E8-E357-1317-2C9D-CE2138354ACB}.Release|Any CPU.Build.0 = Release|Any CPU
		{ABF85CDB-5AB7-D55F-067E-190F41A4A7DF}.Debug|Any CPU.ActiveCfg = Debug|Any CPU
		{ABF85CDB-5AB7-D55F-067E-190F41A4A7DF}.Debug|Any CPU.Build.0 = Debug|Any CPU
		{ABF85CDB-5AB7-D55F-067E-190F41A4A7DF}.Release|Any CPU.ActiveCfg = Release|Any CPU
		{ABF85CDB-5AB7-D55F-067E-190F41A4A7DF}.Release|Any CPU.Build.0 = Release|Any CPU
		{B866885F-2A3E-BC23-FB89-83B6AA165572}.Debug|Any CPU.ActiveCfg = Debug|Any CPU
		{B866885F-2A3E-BC23-FB89-83B6AA165572}.Debug|Any CPU.Build.0 = Debug|Any CPU
		{B866885F-2A3E-BC23-FB89-83B6AA165572}.Release|Any CPU.ActiveCfg = Release|Any CPU
		{B866885F-2A3E-BC23-FB89-83B6AA165572}.Release|Any CPU.Build.0 = Release|Any CPU
	EndGlobalSection
	GlobalSection(SolutionProperties) = preSolution
		HideSolutionNode = FALSE
	EndGlobalSection
	GlobalSection(MonoDevelopProperties) = preSolution
		StartupItem = Assembly-CSharp.csproj
	EndGlobalSection
EndGlobal
